
Microsoft Visual Studio Solution File, Format Version 12.00
# Visual Studio Version 17
VisualStudioVersion = 17.0.31903.59
MinimumVisualStudioVersion = 10.0.40219.1
Project("{2150E333-8FDC-42A3-9474-1A3956D46DE8}") = "src", "src", "{827E0CD3-B72D-47B6-A68D-7590B98EB39B}"
EndProject
Project("{FAE04EC0-301F-11D3-BF4B-00C04F79EFBC}") = "ClawSharp.Bridge", "src\ClawSharp.Bridge\ClawSharp.Bridge.csproj", "{AF7C12A9-DDEC-48B5-BF6F-D9395FD8F691}"
EndProject
Project("{FAE04EC0-301F-11D3-BF4B-00C04F79EFBC}") = "ClawSharp.Cli", "src\ClawSharp.Cli\ClawSharp.Cli.csproj", "{264F6788-F678-4CC0-9ED2-90098F708283}"
EndProject
Project("{FAE04EC0-301F-11D3-BF4B-00C04F79EFBC}") = "ClawSharp.Core", "src\ClawSharp.Core\ClawSharp.Core.csproj", "{C5D81358-A1E8-4BEC-A22A-340968C6E4FB}"
EndProject
Project("{FAE04EC0-301F-11D3-BF4B-00C04F79EFBC}") = "ClawSharp.Extensions", "src\ClawSharp.Extensions\ClawSharp.Extensions.csproj", "{1FCEFC9E-0C52-4D40-9DE8-43493371A9A8}"
EndProject
Project("{FAE04EC0-301F-11D3-BF4B-00C04F79EFBC}") = "ClawSharp.Infrastructure", "src\ClawSharp.Infrastructure\ClawSharp.Infrastructure.csproj", "{DDBE21AC-15D6-4203-950D-E3E32492EF13}"
EndProject
Project("{FAE04EC0-301F-11D3-BF4B-00C04F79EFBC}") = "ClawSharp.Query", "src\ClawSharp.Query\ClawSharp.Query.csproj", "{2D7C51BE-4D52-4960-9A89-5B4A12608154}"
EndProject
Project("{FAE04EC0-301F-11D3-BF4B-00C04F79EFBC}") = "ClawSharp.Runtime", "src\ClawSharp.Runtime\ClawSharp.Runtime.csproj", "{8E8F5D79-8F4E-4F50-9F7E-59E3702D3F4F}"
EndProject
Project("{FAE04EC0-301F-11D3-BF4B-00C04F79EFBC}") = "ClawSharp.Tasks", "src\ClawSharp.Tasks\ClawSharp.Tasks.csproj", "{456AEE78-E518-445B-AF01-23439DBABA42}"
EndProject
Project("{FAE04EC0-301F-11D3-BF4B-00C04F79EFBC}") = "ClawSharp.Tools", "src\ClawSharp.Tools\ClawSharp.Tools.csproj", "{068F0C43-44B8-45A6-A4FF-786C6FB81508}"
EndProject
Project("{FAE04EC0-301F-11D3-BF4B-00C04F79EFBC}") = "ClawSharp.Ui.Terminal", "src\ClawSharp.Ui.Terminal\ClawSharp.Ui.Terminal.csproj", "{7CB9B013-8AED-471A-A4E4-BB5C1DE980D6}"
EndProject
Project("{2150E333-8FDC-42A3-9474-1A3956D46DE8}") = "tests", "tests", "{0AB3BF05-4346-4AA6-1389-037BE0695223}"
EndProject
Project("{FAE04EC0-301F-11D3-BF4B-00C04F79EFBC}") = "ClawSharp.IntegrationTests", "tests\ClawSharp.IntegrationTests\ClawSharp.IntegrationTests.csproj", "{90287612-5D55-4F04-B801-C55C3BDF492E}"
EndProject
Project("{FAE04EC0-301F-11D3-BF4B-00C04F79EFBC}") = "ClawSharp.ParityTests", "tests\ClawSharp.ParityTests\ClawSharp.ParityTests.csproj", "{979A8611-80FC-476B-A646-BDC568EA75E0}"
EndProject
Project("{FAE04EC0-301F-11D3-BF4B-00C04F79EFBC}") = "ClawSharp.UnitTests", "tests\ClawSharp.UnitTests\ClawSharp.UnitTests.csproj", "{19DAE84B-AE86-43B9-A789-F49FDC3B7BBC}"
EndProject
Project("{FAE04EC0-301F-11D3-BF4B-00C04F79EFBC}") = "ClawSharp.AgentHost", "src\ClawSharp.AgentHost\ClawSharp.AgentHost.csproj", "{DD12C87C-770B-4DAC-A4C2-87A8AE847A04}"
EndProject
Project("{FAE04EC0-301F-11D3-BF4B-00C04F79EFBC}") = "ClawSharp.Contracts", "src\ClawSharp.Contracts\ClawSharp.Contracts.csproj", "{338126A8-3362-45E7-9B4E-6A5EE645D388}"
EndProject
Project("{FAE04EC0-301F-11D3-BF4B-00C04F79EFBC}") = "ClawSharp.Application", "src\ClawSharp.Application\ClawSharp.Application.csproj", "{F8C80717-D5B0-46FF-BEFE-F8376F3432B4}"
EndProject
Global
	GlobalSection(SolutionConfigurationPlatforms) = preSolution
		Debug|Any CPU = Debug|Any CPU
		Debug|x64 = Debug|x64
		Debug|x86 = Debug|x86
		Release|Any CPU = Release|Any CPU
		Release|x64 = Release|x64
		Release|x86 = Release|x86
	EndGlobalSection
	GlobalSection(ProjectConfigurationPlatforms) = postSolution
		{AF7C12A9-DDEC-48B5-BF6F-D9395FD8F691}.Debug|Any CPU.ActiveCfg = Debug|Any CPU
		{AF7C12A9-DDEC-48B5-BF6F-D9395FD8F691}.Debug|Any CPU.Build.0 = Debug|Any CPU
		{AF7C12A9-DDEC-48B5-BF6F-D9395FD8F691}.Debug|x64.ActiveCfg = Debug|Any CPU
		{AF7C12A9-DDEC-48B5-BF6F-D9395FD8F691}.Debug|x64.Build.0 = Debug|Any CPU
		{AF7C12A9-DDEC-48B5-BF6F-D9395FD8F691}.Debug|x86.ActiveCfg = Debug|Any CPU
		{AF7C12A9-DDEC-48B5-BF6F-D9395FD8F691}.Debug|x86.Build.0 = Debug|Any CPU
		{AF7C12A9-DDEC-48B5-BF6F-D9395FD8F691}.Release|Any CPU.ActiveCfg = Release|Any CPU
		{AF7C12A9-DDEC-48B5-BF6F-D9395FD8F691}.Release|Any CPU.Build.0 = Release|Any CPU
		{AF7C12A9-DDEC-48B5-BF6F-D9395FD8F691}.Release|x64.ActiveCfg = Release|Any CPU
		{AF7C12A9-DDEC-48B5-BF6F-D9395FD8F691}.Release|x64.Build.0 = Release|Any CPU
		{AF7C12A9-DDEC-48B5-BF6F-D9395FD8F691}.Release|x86.ActiveCfg = Release|Any CPU
		{AF7C12A9-DDEC-48B5-BF6F-D9395FD8F691}.Release|x86.Build.0 = Release|Any CPU
		{264F6788-F678-4CC0-9ED2-90098F708283}.Debug|Any CPU.ActiveCfg = Debug|Any CPU
		{264F6788-F678-4CC0-9ED2-90098F708283}.Debug|Any CPU.Build.0 = Debug|Any CPU
		{264F6788-F678-4CC0-9ED2-90098F708283}.Debug|x64.ActiveCfg = Debug|Any CPU
		{264F6788-F678-4CC0-9ED2-90098F708283}.Debug|x64.Build.0 = Debug|Any CPU
		{264F6788-F678-4CC0-9ED2-90098F708283}.Debug|x86.ActiveCfg = Debug|Any CPU
		{264F6788-F678-4CC0-9ED2-90098F708283}.Debug|x86.Build.0 = Debug|Any CPU
		{264F6788-F678-4CC0-9ED2-90098F708283}.Release|Any CPU.ActiveCfg = Release|Any CPU
		{264F6788-F678-4CC0-9ED2-90098F708283}.Release|Any CPU.Build.0 = Release|Any CPU
		{264F6788-F678-4CC0-9ED2-90098F708283}.Release|x64.ActiveCfg = Release|Any CPU
		{264F6788-F678-4CC0-9ED2-90098F708283}.Release|x64.Build.0 = Release|Any CPU
		{264F6788-F678-4CC0-9ED2-90098F708283}.Release|x86.ActiveCfg = Release|Any CPU
		{264F6788-F678-4CC0-9ED2-90098F708283}.Release|x86.Build.0 = Release|Any CPU
		{C5D81358-A1E8-4BEC-A22A-340968C6E4FB}.Debug|Any CPU.ActiveCfg = Debug|Any CPU
		{C5D81358-A1E8-4BEC-A22A-340968C6E4FB}.Debug|Any CPU.Build.0 = Debug|Any CPU
		{C5D81358-A1E8-4BEC-A22A-340968C6E4FB}.Debug|x64.ActiveCfg = Debug|Any CPU
		{C5D81358-A1E8-4BEC-A22A-340968C6E4FB}.Debug|x64.Build.0 = Debug|Any CPU
		{C5D81358-A1E8-4BEC-A22A-340968C6E4FB}.Debug|x86.ActiveCfg = Debug|Any CPU
		{C5D81358-A1E8-4BEC-A22A-340968C6E4FB}.Debug|x86.Build.0 = Debug|Any CPU
		{C5D81358-A1E8-4BEC-A22A-340968C6E4FB}.Release|Any CPU.ActiveCfg = Release|Any CPU
		{C5D81358-A1E8-4BEC-A22A-340968C6E4FB}.Release|Any CPU.Build.0 = Release|Any CPU
		{C5D81358-A1E8-4BEC-A22A-340968C6E4FB}.Release|x64.ActiveCfg = Release|Any CPU
		{C5D81358-A1E8-4BEC-A22A-340968C6E4FB}.Release|x64.Build.0 = Release|Any CPU
		{C5D81358-A1E8-4BEC-A22A-340968C6E4FB}.Release|x86.ActiveCfg = Release|Any CPU
		{C5D81358-A1E8-4BEC-A22A-340968C6E4FB}.Release|x86.Build.0 = Release|Any CPU
		{1FCEFC9E-0C52-4D40-9DE8-43493371A9A8}.Debug|Any CPU.ActiveCfg = Debug|Any CPU
		{1FCEFC9E-0C52-4D40-9DE8-43493371A9A8}.Debug|Any CPU.Build.0 = Debug|Any CPU
		{1FCEFC9E-0C52-4D40-9DE8-43493371A9A8}.Debug|x64.ActiveCfg = Debug|Any CPU
		{1FCEFC9E-0C52-4D40-9DE8-43493371A9A8}.Debug|x64.Build.0 = Debug|Any CPU
		{1FCEFC9E-0C52-4D40-9DE8-43493371A9A8}.Debug|x86.ActiveCfg = Debug|Any CPU
		{1FCEFC9E-0C52-4D40-9DE8-43493371A9A8}.Debug|x86.Build.0 = Debug|Any CPU
		{1FCEFC9E-0C52-4D40-9DE8-43493371A9A8}.Release|Any CPU.ActiveCfg = Release|Any CPU
		{1FCEFC9E-0C52-4D40-9DE8-43493371A9A8}.Release|Any CPU.Build.0 = Release|Any CPU
		{1FCEFC9E-0C52-4D40-9DE8-43493371A9A8}.Release|x64.ActiveCfg = Release|Any CPU
		{1FCEFC9E-0C52-4D40-9DE8-43493371A9A8}.Release|x64.Build.0 = Release|Any CPU
		{1FCEFC9E-0C52-4D40-9DE8-43493371A9A8}.Release|x86.ActiveCfg = Release|Any CPU
		{1FCEFC9E-0C52-4D40-9DE8-43493371A9A8}.Release|x86.Build.0 = Release|Any CPU
		{DDBE21AC-15D6-4203-950D-E3E32492EF13}.Debug|Any CPU.ActiveCfg = Debug|Any CPU
		{DDBE21AC-15D6-4203-950D-E3E32492EF13}.Debug|Any CPU.Build.0 = Debug|Any CPU
		{DDBE21AC-15D6-4203-950D-E3E32492EF13}.Debug|x64.ActiveCfg = Debug|Any CPU
		{DDBE21AC-15D6-4203-950D-E3E32492EF13}.Debug|x64.Build.0 = Debug|Any CPU
		{DDBE21AC-15D6-4203-950D-E3E32492EF13}.Debug|x86.ActiveCfg = Debug|Any CPU
		{DDBE21AC-15D6-4203-950D-E3E32492EF13}.Debug|x86.Build.0 = Debug|Any CPU
		{DDBE21AC-15D6-4203-950D-E3E32492EF13}.Release|Any CPU.ActiveCfg = Release|Any CPU
		{DDBE21AC-15D6-4203-950D-E3E32492EF13}.Release|Any CPU.Build.0 = Release|Any CPU
		{DDBE21AC-15D6-4203-950D-E3E32492EF13}.Release|x64.ActiveCfg = Release|Any CPU
		{DDBE21AC-15D6-4203-950D-E3E32492EF13}.Release|x64.Build.0 = Release|Any CPU
		{DDBE21AC-15D6-4203-950D-E3E32492EF13}.Release|x86.ActiveCfg = Release|Any CPU
		{DDBE21AC-15D6-4203-950D-E3E32492EF13}.Release|x86.Build.0 = Release|Any CPU
		{2D7C51BE-4D52-4960-9A89-5B4A12608154}.Debug|Any CPU.ActiveCfg = Debug|Any CPU
		{2D7C51BE-4D52-4960-9A89-5B4A12608154}.Debug|Any CPU.Build.0 = Debug|Any CPU
		{2D7C51BE-4D52-4960-9A89-5B4A12608154}.Debug|x64.ActiveCfg = Debug|Any CPU
		{2D7C51BE-4D52-4960-9A89-5B4A12608154}.Debug|x64.Build.0 = Debug|Any CPU
		{2D7C51BE-4D52-4960-9A89-5B4A12608154}.Debug|x86.ActiveCfg = Debug|Any CPU
		{2D7C51BE-4D52-4960-9A89-5B4A12608154}.Debug|x86.Build.0 = Debug|Any CPU
		{2D7C51BE-4D52-4960-9A89-5B4A12608154}.Release|Any CPU.ActiveCfg = Release|Any CPU
		{2D7C51BE-4D52-4960-9A89-5B4A12608154}.Release|Any CPU.Build.0 = Release|Any CPU
		{2D7C51BE-4D52-4960-9A89-5B4A12608154}.Release|x64.ActiveCfg = Release|Any CPU
		{2D7C51BE-4D52-4960-9A89-5B4A12608154}.Release|x64.Build.0 = Release|Any CPU
		{2D7C51BE-4D52-4960-9A89-5B4A12608154}.Release|x86.ActiveCfg = Release|Any CPU
		{2D7C51BE-4D52-4960-9A89-5B4A12608154}.Release|x86.Build.0 = Release|Any CPU
		{8E8F5D79-8F4E-4F50-9F7E-59E3702D3F4F}.Debug|Any CPU.ActiveCfg = Debug|Any CPU
		{8E8F5D79-8F4E-4F50-9F7E-59E3702D3F4F}.Debug|Any CPU.Build.0 = Debug|Any CPU
		{8E8F5D79-8F4E-4F50-9F7E-59E3702D3F4F}.Debug|x64.ActiveCfg = Debug|Any CPU
		{8E8F5D79-8F4E-4F50-9F7E-59E3702D3F4F}.Debug|x64.Build.0 = Debug|Any CPU
		{8E8F5D79-8F4E-4F50-9F7E-59E3702D3F4F}.Debug|x86.ActiveCfg = Debug|Any CPU
		{8E8F5D79-8F4E-4F50-9F7E-59E3702D3F4F}.Debug|x86.Build.0 = Debug|Any CPU
		{8E8F5D79-8F4E-4F50-9F7E-59E3702D3F4F}.Release|Any CPU.ActiveCfg = Release|Any CPU
		{8E8F5D79-8F4E-4F50-9F7E-59E3702D3F4F}.Release|Any CPU.Build.0 = Release|Any CPU
		{8E8F5D79-8F4E-4F50-9F7E-59E3702D3F4F}.Release|x64.ActiveCfg = Release|Any CPU
		{8E8F5D79-8F4E-4F50-9F7E-59E3702D3F4F}.Release|x64.Build.0 = Release|Any CPU
		{8E8F5D79-8F4E-4F50-9F7E-59E3702D3F4F}.Release|x86.ActiveCfg = Release|Any CPU
		{8E8F5D79-8F4E-4F50-9F7E-59E3702D3F4F}.Release|x86.Build.0 = Release|Any CPU
		{456AEE78-E518-445B-AF01-23439DBABA42}.Debug|Any CPU.ActiveCfg = Debug|Any CPU
		{456AEE78-E518-445B-AF01-23439DBABA42}.Debug|Any CPU.Build.0 = Debug|Any CPU
		{456AEE78-E518-445B-AF01-23439DBABA42}.Debug|x64.ActiveCfg = Debug|Any CPU
		{456AEE78-E518-445B-AF01-23439DBABA42}.Debug|x64.Build.0 = Debug|Any CPU
		{456AEE78-E518-445B-AF01-23439DBABA42}.Debug|x86.ActiveCfg = Debug|Any CPU
		{456AEE78-E518-445B-AF01-23439DBABA42}.Debug|x86.Build.0 = Debug|Any CPU
		{456AEE78-E518-445B-AF01-23439DBABA42}.Release|Any CPU.ActiveCfg = Release|Any CPU
		{456AEE78-E518-445B-AF01-23439DBABA42}.Release|Any CPU.Build.0 = Release|Any CPU
		{456AEE78-E518-445B-AF01-23439DBABA42}.Release|x64.ActiveCfg = Release|Any CPU
		{456AEE78-E518-445B-AF01-23439DBABA42}.Release|x64.Build.0 = Release|Any CPU
		{456AEE78-E518-445B-AF01-23439DBABA42}.Release|x86.ActiveCfg = Release|Any CPU
		{456AEE78-E518-445B-AF01-23439DBABA42}.Release|x86.Build.0 = Release|Any CPU
		{068F0C43-44B8-45A6-A4FF-786C6FB81508}.Debug|Any CPU.ActiveCfg = Debug|Any CPU
		{068F0C43-44B8-45A6-A4FF-786C6FB81508}.Debug|Any CPU.Build.0 = Debug|Any CPU
		{068F0C43-44B8-45A6-A4FF-786C6FB81508}.Debug|x64.ActiveCfg = Debug|Any CPU
		{068F0C43-44B8-45A6-A4FF-786C6FB81508}.Debug|x64.Build.0 = Debug|Any CPU
		{068F0C43-44B8-45A6-A4FF-786C6FB81508}.Debug|x86.ActiveCfg = Debug|Any CPU
		{068F0C43-44B8-45A6-A4FF-786C6FB81508}.Debug|x86.Build.0 = Debug|Any CPU
		{068F0C43-44B8-45A6-A4FF-786C6FB81508}.Release|Any CPU.ActiveCfg = Release|Any CPU
		{068F0C43-44B8-45A6-A4FF-786C6FB81508}.Release|Any CPU.Build.0 = Release|Any CPU
		{068F0C43-44B8-45A6-A4FF-786C6FB81508}.Release|x64.ActiveCfg = Release|Any CPU
		{068F0C43-44B8-45A6-A4FF-786C6FB81508}.Release|x64.Build.0 = Release|Any CPU
		{068F0C43-44B8-45A6-A4FF-786C6FB81508}.Release|x86.ActiveCfg = Release|Any CPU
		{068F0C43-44B8-45A6-A4FF-786C6FB81508}.Release|x86.Build.0 = Release|Any CPU
		{7CB9B013-8AED-471A-A4E4-BB5C1DE980D6}.Debug|Any CPU.ActiveCfg = Debug|Any CPU
		{7CB9B013-8AED-471A-A4E4-BB5C1DE980D6}.Debug|Any CPU.Build.0 = Debug|Any CPU
		{7CB9B013-8AED-471A-A4E4-BB5C1DE980D6}.Debug|x64.ActiveCfg = Debug|Any CPU
		{7CB9B013-8AED-471A-A4E4-BB5C1DE980D6}.Debug|x64.Build.0 = Debug|Any CPU
		{7CB9B013-8AED-471A-A4E4-BB5C1DE980D6}.Debug|x86.ActiveCfg = Debug|Any CPU
		{7CB9B013-8AED-471A-A4E4-BB5C1DE980D6}.Debug|x86.Build.0 = Debug|Any CPU
		{7CB9B013-8AED-471A-A4E4-BB5C1DE980D6}.Release|Any CPU.ActiveCfg = Release|Any CPU
		{7CB9B013-8AED-471A-A4E4-BB5C1DE980D6}.Release|Any CPU.Build.0 = Release|Any CPU
		{7CB9B013-8AED-471A-A4E4-BB5C1DE980D6}.Release|x64.ActiveCfg = Release|Any CPU
		{7CB9B013-8AED-471A-A4E4-BB5C1DE980D6}.Release|x64.Build.0 = Release|Any CPU
		{7CB9B013-8AED-471A-A4E4-BB5C1DE980D6}.Release|x86.ActiveCfg = Release|Any CPU
		{7CB9B013-8AED-471A-A4E4-BB5C1DE980D6}.Release|x86.Build.0 = Release|Any CPU
		{90287612-5D55-4F04-B801-C55C3BDF492E}.Debug|Any CPU.ActiveCfg = Debug|Any CPU
		{90287612-5D55-4F04-B801-C55C3BDF492E}.Debug|Any CPU.Build.0 = Debug|Any CPU
		{90287612-5D55-4F04-B801-C55C3BDF492E}.Debug|x64.ActiveCfg = Debug|Any CPU
		{90287612-5D55-4F04-B801-C55C3BDF492E}.Debug|x64.Build.0 = Debug|Any CPU
		{90287612-5D55-4F04-B801-C55C3BDF492E}.Debug|x86.ActiveCfg = Debug|Any CPU
		{90287612-5D55-4F04-B801-C55C3BDF492E}.Debug|x86.Build.0 = Debug|Any CPU
		{90287612-5D55-4F04-B801-C55C3BDF492E}.Release|Any CPU.ActiveCfg = Release|Any CPU
		{90287612-5D55-4F04-B801-C55C3BDF492E}.Release|Any CPU.Build.0 = Release|Any CPU
		{90287612-5D55-4F04-B801-C55C3BDF492E}.Release|x64.ActiveCfg = Release|Any CPU
		{90287612-5D55-4F04-B801-C55C3BDF492E}.Release|x64.Build.0 = Release|Any CPU
		{90287612-5D55-4F04-B801-C55C3BDF492E}.Release|x86.ActiveCfg = Release|Any CPU
		{90287612-5D55-4F04-B801-C55C3BDF492E}.Release|x86.Build.0 = Release|Any CPU
		{979A8611-80FC-476B-A646-BDC568EA75E0}.Debug|Any CPU.ActiveCfg = Debug|Any CPU
		{979A8611-80FC-476B-A646-BDC568EA75E0}.Debug|Any CPU.Build.0 = Debug|Any CPU
		{979A8611-80FC-476B-A646-BDC568EA75E0}.Debug|x64.ActiveCfg = Debug|Any CPU
		{979A8611-80FC-476B-A646-BDC568EA75E0}.Debug|x64.Build.0 = Debug|Any CPU
		{979A8611-80FC-476B-A646-BDC568EA75E0}.Debug|x86.ActiveCfg = Debug|Any CPU
		{979A8611-80FC-476B-A646-BDC568EA75E0}.Debug|x86.Build.0 = Debug|Any CPU
		{979A8611-80FC-476B-A646-BDC568EA75E0}.Release|Any CPU.ActiveCfg = Release|Any CPU
		{979A8611-80FC-476B-A646-BDC568EA75E0}.Release|Any CPU.Build.0 = Release|Any CPU
		{979A8611-80FC-476B-A646-BDC568EA75E0}.Release|x64.ActiveCfg = Release|Any CPU
		{979A8611-80FC-476B-A646-BDC568EA75E0}.Release|x64.Build.0 = Release|Any CPU
		{979A8611-80FC-476B-A646-BDC568EA75E0}.Release|x86.ActiveCfg = Release|Any CPU
		{979A8611-80FC-476B-A646-BDC568EA75E0}.Release|x86.Build.0 = Release|Any CPU
		{19DAE84B-AE86-43B9-A789-F49FDC3B7BBC}.Debug|Any CPU.ActiveCfg = Debug|Any CPU
		{19DAE84B-AE86-43B9-A789-F49FDC3B7BBC}.Debug|Any CPU.Build.0 = Debug|Any CPU
		{19DAE84B-AE86-43B9-A789-F49FDC3B7BBC}.Debug|x64.ActiveCfg = Debug|Any CPU
		{19DAE84B-AE86-43B9-A789-F49FDC3B7BBC}.Debug|x64.Build.0 = Debug|Any CPU
		{19DAE84B-AE86-43B9-A789-F49FDC3B7BBC}.Debug|x86.ActiveCfg = Debug|Any CPU
		{19DAE84B-AE86-43B9-A789-F49FDC3B7BBC}.Debug|x86.Build.0 = Debug|Any CPU
		{19DAE84B-AE86-43B9-A789-F49FDC3B7BBC}.Release|Any CPU.ActiveCfg = Release|Any CPU
		{19DAE84B-AE86-43B9-A789-F49FDC3B7BBC}.Release|Any CPU.Build.0 = Release|Any CPU
		{19DAE84B-AE86-43B9-A789-F49FDC3B7BBC}.Release|x64.ActiveCfg = Release|Any CPU
		{19DAE84B-AE86-43B9-A789-F49FDC3B7BBC}.Release|x64.Build.0 = Release|Any CPU
		{19DAE84B-AE86-43B9-A789-F49FDC3B7BBC}.Release|x86.ActiveCfg = Release|Any CPU
		{19DAE84B-AE86-43B9-A789-F49FDC3B7BBC}.Release|x86.Build.0 = Release|Any CPU
		{DD12C87C-770B-4DAC-A4C2-87A8AE847A04}.Debug|Any CPU.ActiveCfg = Debug|Any CPU
		{DD12C87C-770B-4DAC-A4C2-87A8AE847A04}.Debug|Any CPU.Build.0 = Debug|Any CPU
		{DD12C87C-770B-4DAC-A4C2-87A8AE847A04}.Debug|x64.ActiveCfg = Debug|Any CPU
		{DD12C87C-770B-4DAC-A4C2-87A8AE847A04}.Debug|x64.Build.0 = Debug|Any CPU
		{DD12C87C-770B-4DAC-A4C2-87A8AE847A04}.Debug|x86.ActiveCfg = Debug|Any CPU
		{DD12C87C-770B-4DAC-A4C2-87A8AE847A04}.Debug|x86.Build.0 = Debug|Any CPU
		{DD12C87C-770B-4DAC-A4C2-87A8AE847A04}.Release|Any CPU.ActiveCfg = Release|Any CPU
		{DD12C87C-770B-4DAC-A4C2-87A8AE847A04}.Release|Any CPU.Build.0 = Release|Any CPU
		{DD12C87C-770B-4DAC-A4C2-87A8AE847A04}.Release|x64.ActiveCfg = Release|Any CPU
		{DD12C87C-770B-4DAC-A4C2-87A8AE847A04}.Release|x64.Build.0 = Release|Any CPU
		{DD12C87C-770B-4DAC-A4C2-87A8AE847A04}.Release|x86.ActiveCfg = Release|Any CPU
		{DD12C87C-770B-4DAC-A4C2-87A8AE847A04}.Release|x86.Build.0 = Release|Any CPU
		{338126A8-3362-45E7-9B4E-6A5EE645D388}.Debug|Any CPU.ActiveCfg = Debug|Any CPU
		{338126A8-3362-45E7-9B4E-6A5EE645D388}.Debug|Any CPU.Build.0 = Debug|Any CPU
		{338126A8-3362-45E7-9B4E-6A5EE645D388}.Debug|x64.ActiveCfg = Debug|Any CPU
		{338126A8-3362-45E7-9B4E-6A5EE645D388}.Debug|x64.Build.0 = Debug|Any CPU
		{338126A8-3362-45E7-9B4E-6A5EE645D388}.Debug|x86.ActiveCfg = Debug|Any CPU
		{338126A8-3362-45E7-9B4E-6A5EE645D388}.Debug|x86.Build.0 = Debug|Any CPU
		{338126A8-3362-45E7-9B4E-6A5EE645D388}.Release|Any CPU.ActiveCfg = Release|Any CPU
		{338126A8-3362-45E7-9B4E-6A5EE645D388}.Release|Any CPU.Build.0 = Release|Any CPU
		{338126A8-3362-45E7-9B4E-6A5EE645D388}.Release|x64.ActiveCfg = Release|Any CPU
		{338126A8-3362-45E7-9B4E-6A5EE645D388}.Release|x64.Build.0 = Release|Any CPU
		{338126A8-3362-45E7-9B4E-6A5EE645D388}.Release|x86.ActiveCfg = Release|Any CPU
		{338126A8-3362-45E7-9B4E-6A5EE645D388}.Release|x86.Build.0 = Release|Any CPU
		{F8C80717-D5B0-46FF-BEFE-F8376F3432B4}.Debug|Any CPU.ActiveCfg = Debug|Any CPU
		{F8C80717-D5B0-46FF-BEFE-F8376F3432B4}.Debug|Any CPU.Build.0 = Debug|Any CPU
		{F8C80717-D5B0-46FF-BEFE-F8376F3432B4}.Debug|x64.ActiveCfg = Debug|Any CPU
		{F8C80717-D5B0-46FF-BEFE-F8376F3432B4}.Debug|x64.Build.0 = Debug|Any CPU
		{F8C80717-D5B0-46FF-BEFE-F8376F3432B4}.Debug|x86.ActiveCfg = Debug|Any CPU
		{F8C80717-D5B0-46FF-BEFE-F8376F3432B4}.Debug|x86.Build.0 = Debug|Any CPU
		{F8C80717-D5B0-46FF-BEFE-F8376F3432B4}.Release|Any CPU.ActiveCfg = Release|Any CPU
		{F8C80717-D5B0-46FF-BEFE-F8376F3432B4}.Release|Any CPU.Build.0 = Release|Any CPU
		{F8C80717-D5B0-46FF-BEFE-F8376F3432B4}.Release|x64.ActiveCfg = Release|Any CPU
		{F8C80717-D5B0-46FF-BEFE-F8376F3432B4}.Release|x64.Build.0 = Release|Any CPU
		{F8C80717-D5B0-46FF-BEFE-F8376F3432B4}.Release|x86.ActiveCfg = Release|Any CPU
		{F8C80717-D5B0-46FF-BEFE-F8376F3432B4}.Release|x86.Build.0 = Release|Any CPU
	EndGlobalSection
	GlobalSection(SolutionProperties) = preSolution
		HideSolutionNode = FALSE
	EndGlobalSection
	GlobalSection(NestedProjects) = preSolution
		{AF7C12A9-DDEC-48B5-BF6F-D9395FD8F691} = {827E0CD3-B72D-47B6-A68D-7590B98EB39B}
		{264F6788-F678-4CC0-9ED2-90098F708283} = {827E0CD3-B72D-47B6-A68D-7590B98EB39B}
		{C5D81358-A1E8-4BEC-A22A-340968C6E4FB} = {827E0CD3-B72D-47B6-A68D-7590B98EB39B}
		{1FCEFC9E-0C52-4D40-9DE8-43493371A9A8} = {827E0CD3-B72D-47B6-A68D-7590B98EB39B}
		{DDBE21AC-15D6-4203-950D-E3E32492EF13} = {827E0CD3-B72D-47B6-A68D-7590B98EB39B}
		{2D7C51BE-4D52-4960-9A89-5B4A12608154} = {827E0CD3-B72D-47B6-A68D-7590B98EB39B}
		{8E8F5D79-8F4E-4F50-9F7E-59E3702D3F4F} = {827E0CD3-B72D-47B6-A68D-7590B98EB39B}
		{456AEE78-E518-445B-AF01-23439DBABA42} = {827E0CD3-B72D-47B6-A68D-7590B98EB39B}
		{068F0C43-44B8-45A6-A4FF-786C6FB81508} = {827E0CD3-B72D-47B6-A68D-7590B98EB39B}
		{7CB9B013-8AED-471A-A4E4-BB5C1DE980D6} = {827E0CD3-B72D-47B6-A68D-7590B98EB39B}
		{90287612-5D55-4F04-B801-C55C3BDF492E} = {0AB3BF05-4346-4AA6-1389-037BE0695223}
		{979A8611-80FC-476B-A646-BDC568EA75E0} = {0AB3BF05-4346-4AA6-1389-037BE0695223}
		{19DAE84B-AE86-43B9-A789-F49FDC3B7BBC} = {0AB3BF05-4346-4AA6-1389-037BE0695223}
		{DD12C87C-770B-4DAC-A4C2-87A8AE847A04} = {827E0CD3-B72D-47B6-A68D-7590B98EB39B}
		{338126A8-3362-45E7-9B4E-6A5EE645D388} = {827E0CD3-B72D-47B6-A68D-7590B98EB39B}
		{F8C80717-D5B0-46FF-BEFE-F8376F3432B4} = {827E0CD3-B72D-47B6-A68D-7590B98EB39B}
	EndGlobalSection
EndGlobal
